{
  "name": "scrollTrigger-101-2020",
  "version": "1.0.0",
  "lockfileVersion": 1,
  "requires": true,
  "dependencies": {
    "gsap": {
      "version": "3.5.0",
      "resolved": "https://registry.npmjs.org/gsap/-/gsap-3.5.0.tgz",
      "integrity": "sha512-YewxuqAE0HjytsKFRUnjiUz0TatHR6L1aJjalYob1ajQpWCZz+gTRJOgQWiABfTEcA6YpgUcrWLEvEIM1Fftpg=="
    }
  }
}
